// !$*UTF8*$!
{
	archiveVersion = 1;
	classes = {
	};
	objectVersion = 46;
	objects = {

/* Begin PBXBuildFile section */
		928B823F1D5AD8E400895E27 /* AppDelegate.swift in Sources */ = {isa = PBXBuildFile; fileRef = 928B823E1D5AD8E400895E27 /* AppDelegate.swift */; };
		928B82411D5AD8E400895E27 /* ViewController.swift in Sources */ = {isa = PBXBuildFile; fileRef = 928B82401D5AD8E400895E27 /* ViewController.swift */; };
		928B82441D5AD8E400895E27 /* Main.storyboard in Resources */ = {isa = PBXBuildFile; fileRef = 928B82421D5AD8E400895E27 /* Main.storyboard */; };
		928B82461D5AD8E400895E27 /* Assets.xcassets in Resources */ = {isa = PBXBuildFile; fileRef = 928B82451D5AD8E400895E27 /* Assets.xcassets */; };
		928B82491D5AD8E400895E27 /* LaunchScreen.storyboard in Resources */ = {isa = PBXBuildFile; fileRef = 928B82471D5AD8E400895E27 /* LaunchScreen.storyboard */; };
/* End PBXBuildFile section */

/* Begin PBXFileReference section */
		928B823B1D5AD8E400895E27 /* zuiyou_swift.app */ = {isa = PBXFileReference; explicitFileType = wrapper.application; includeInIndex = 0; path = zuiyou_swift.app; sourceTree = BUILT_PRODUCTS_DIR; };
		928B823E1D5AD8E400895E27 /* AppDelegate.swift */ = {isa = PBXFileReference; lastKnownFileType = sourcecode.swift; path = AppDelegate.swift; sourceTree = "<group>"; };
		928B82401D5AD8E400895E27 /* ViewController.swift */ = {isa = PBXFileReference; lastKnownFileType = sourcecode.swift; path = ViewController.swift; sourceTree = "<group>"; };
		928B82431D5AD8E400895E27 /* Base */ = {isa = PBXFileReference; lastKnownFileType = file.storyboard; name = Base; path = Base.lproj/Main.storyboard; sourceTree = "<group>"; };
		928B82451D5AD8E400895E27 /* Assets.xcassets */ = {isa = PBXFileReference; lastKnownFileType = folder.assetcatalog; path = Assets.xcassets; sourceTree = "<group>"; };
		928B82481D5AD8E400895E27 /* Base */ = {isa = PBXFileReference; lastKnownFileType = file.storyboard; name = Base; path = Base.lproj/LaunchScreen.storyboard; sourceTree = "<group>"; };
		928B824A1D5AD8E400895E27 /* Info.plist */ = {isa = PBXFileReference; lastKnownFileType = text.plist.xml; path = Info.plist; sourceTree = "<group>"; };
/* End PBXFileReference section */

/* Begin PBXFrameworksBuildPhase section */
		928B82381D5AD8E400895E27 /* Frameworks */ = {
			isa = PBXFrameworksBuildPhase;
			buildActionMask = 2147483647;
			files = (
			);
			runOnlyForDeploymentPostprocessing = 0;
		};
/* End PBXFrameworksBuildPhase section */

/* Begin PBXGroup section */
		928B82321D5AD8E400895E27 = {
			isa = PBXGroup;
			children = (
				928B823D1D5AD8E400895E27 /* zuiyou_swift */,
				928B823C1D5AD8E400895E27 /* Products */,
			);
			sourceTree = "<group>";
		};
		928B823C1D5AD8E400895E27 /* Products */ = {
			isa = PBXGroup;
			children = (
				928B823B1D5AD8E400895E27 /* zuiyou_swift.app */,
			);
			name = Products;
			sourceTree = "<group>";
		};
		928B823D1D5AD8E400895E27 /* zuiyou_swift */ = {
			isa = PBXGroup;
			children = (
				928B823E1D5AD8E400895E27 /* AppDelegate.swift */,
				928B82401D5AD8E400895E27 /* ViewController.swift */,
				928B82421D5AD8E400895E27 /* Main.storyboard */,
				928B82451D5AD8E400895E27 /* Assets.xcassets */,
				928B82471D5AD8E400895E27 /* LaunchScreen.storyboard */,
				928B824A1D5AD8E400895E27 /* Info.plist */,
			);
			path = zuiyou_swift;
			sourceTree = "<group>";
		};
/* End PBXGroup section */

/* Begin PBXNativeTarget section */
		928B823A1D5AD8E400895E27 /* zuiyou_swift */ = {
			isa = PBXNativeTarget;
			buildConfigurationList = 928B824D1D5AD8E400895E27 /* Build configuration list for PBXNativeTarget "zuiyou_swift" */;
			buildPhases = (
				928B82371D5AD8E400895E27 /* Sources */,
				928B82381D5AD8E400895E27 /* Frameworks */,
				928B82391D5AD8E400895E27 /* Resources */,
			);
			buildRules = (
			);
			dependencies = (
			);
			name = zuiyou_swift;
			productName = zuiyou_swift;
			productReference = 928B823B1D5AD8E400895E27 /* zuiyou_swift.app */;
			productType = "com.apple.product-type.application";
		};
/* End PBXNativeTarget section */

/* Begin PBXProject section */
		928B82331D5AD8E400895E27 /* Project object */ = {
			isa = PBXProject;
			attributes = {
				LastSwiftUpdateCheck = 0800;
				LastUpgradeCheck = 0800;
				ORGANIZATIONNAME = "魏唯隆";
				TargetAttributes = {
					928B823A1D5AD8E400895E27 = {
						CreatedOnToolsVersion = 8.0;
						DevelopmentTeam = X36P6J44B6;
						DevelopmentTeamName = "liangyun liang";
						ProvisioningStyle = Automatic;
					};
				};
			};
			buildConfigurationList = 928B82361D5AD8E400895E27 /* Build configuration list for PBXProject "zuiyou_swift" */;
			compatibilityVersion = "Xcode 3.2";
			developmentRegion = English;
			hasScannedForEncodings = 0;
			knownRegions = (
				en,
				Base,
			);
			mainGroup = 928B82321D5AD8E400895E27;
			productRefGroup = 928B823C1D5AD8E400895E27 /* Products */;
			projectDirPath = "";
			projectRoot = "";
			targets = (
				928B823A1D5AD8E400895E27 /* zuiyou_swift */,
			);
		};
/* End PBXProject section */

/* Begin PBXResourcesBuildPhase section */
		928B82391D5AD8E400895E27 /* Resources */ = {
			isa = PBXResourcesBuildPhase;
			buildActionMask = 2147483647;
			files = (
				928B82491D5AD8E400895E27 /* LaunchScreen.storyboard in Resources */,
				928B82461D5AD8E400895E27 /* Assets.xcassets in Resources */,
				928B82441D5AD8E400895E27 /* Main.storyboard in Resources */,
			);
			runOnlyForDeploymentPostprocessing = 0;
		};
/* End PBXResourcesBuildPhase section */

/* Begin PBXSourcesBuildPhase section */
		928B82371D5AD8E400895E27 /* Sources */ = {
			isa = PBXSourcesBuildPhase;
			buildActionMask = 2147483647;
			files = (
				928B82411D5AD8E400895E27 /* ViewController.swift in Sources */,
				928B823F1D5AD8E400895E27 /* AppDelegate.swift in Sources */,
			);
			runOnlyForDeploymentPostprocessing = 0;
		};
/* End PBXSourcesBuildPhase section */

/* Begin PBXVariantGroup section */
		928B82421D5AD8E400895E27 /* Main.storyboard */ = {
			isa = PBXVariantGroup;
			children = (
				928B82431D5AD8E400895E27 /* Base */,
			);
			name = Main.storyboard;
			sourceTree = "<group>";
		};
		928B82471D5AD8E400895E27 /* LaunchScreen.storyboard */ = {
			isa = PBXVariantGroup;
			children = (
				928B82481D5AD8E400895E27 /* Base */,
			);
			name = LaunchScreen.storyboard;
			sourceTree = "<group>";
		};
/* End PBXVariantGroup section */

/* Begin XCBuildConfiguration section */
		928B824B1D5AD8E400895E27 /* Debug */ = {
			isa = XCBuildConfiguration;
			buildSettings = {
				ALWAYS_SEARCH_USER_PATHS = NO;
				CLANG_ANALYZER_NONNULL = YES;
				CLANG_CXX_LANGUAGE_STANDARD = "gnu++0x";
				CLANG_CXX_LIBRARY = "libc++";
				CLANG_ENABLE_MODULES = YES;
				CLANG_ENABLE_OBJC_ARC = YES;
				CLANG_WARN_BOOL_CONVERSION = YES;
				CLANG_WARN_CONSTANT_CONVERSION = YES;
				CLANG_WARN_DIRECT_OBJC_ISA_USAGE = YES_ERROR;
				CLANG_WARN_DOCUMENTATION_COMMENTS = YES;
				CLANG_WARN_EMPTY_BODY = YES;
				CLANG_WARN_ENUM_CONVERSION = YES;
				CLANG_WARN_INT_CONVERSION = YES;
				CLANG_WARN_OBJC_ROOT_CLASS = YES_ERROR;
				CLANG_WARN_UNREACHABLE_CODE = YES;
				CLANG_WARN__DUPLICATE_METHOD_MATCH = YES;
				"CODE_SIGN_IDENTITY[sdk=iphoneos*]" = "iPhone Developer";
				COPY_PHASE_STRIP = NO;
				DEBUG_INFORMATION_FORMAT = dwarf;
				ENABLE_STRICT_OBJC_MSGSEND = YES;
				ENABLE_TESTABILITY = YES;
				GCC_C_LANGUAGE_STANDARD = gnu99;
				GCC_DYNAMIC_NO_PIC = NO;
				GCC_NO_COMMON_BLOCKS = YES;
				GCC_OPTIMIZATION_LEVEL = 0;
				GCC_PREPROCESSOR_DEFINITIONS = (
					"DEBUG=1",
					"$(inherited)",
				);
				GCC_WARN_64_TO_32_BIT_CONVERSION = YES;
				GCC_WARN_ABOUT_RETURN_TYPE = YES_ERROR;
				GCC_WARN_UNDECLARED_SELECTOR = YES;
				GCC_WARN_UNINITIALIZED_AUTOS = YES_AGGRESSIVE;
				GCC_WARN_UNUSED_FUNCTION = YES;
				GCC_WARN_UNUSED_VARIABLE = YES;
				IPHONEOS_DEPLOYMENT_TARGET = 10.0;
				MTL_ENABLE_DEBUG_INFO = YES;
				ONLY_ACTIVE_ARCH = YES;
				SDKROOT = iphoneos;
				SWIFT_ACTIVE_COMPILATION_CONDITIONS = DEBUG;
				SWIFT_OPTIMIZATION_LEVEL = "-Onone";
			};
			name = Debug;
		};
		928B824C1D5AD8E400895E27 /* Release */ = {
			isa = XCBuildConfiguration;
			buildSettings = {
				ALWAYS_SEARCH_USER_PATHS = NO;
				CLANG_ANALYZER_NONNULL = YES;
				CLANG_CXX_LANGUAGE_STANDARD = "gnu++0x";
				CLANG_CXX_LIBRARY = "libc++";
				CLANG_ENABLE_MODULES = YES;
				CLANG_ENABLE_OBJC_ARC = YES;
				CLANG_WARN_BOOL_CONVERSION = YES;
				CLANG_WARN_CONSTANT_CONVERSION = YES;
				CLANG_WARN_DIRECT_OBJC_ISA_USAGE = YES_ERROR;
				CLANG_WARN_DOCUMENTATION_COMMENTS = YES;
				CLANG_WARN_EMPTY_BODY = YES;
				CLANG_WARN_ENUM_CONVERSION = YES;
				CLANG_WARN_INT_CONVERSION = YES;
				CLANG_WARN_OBJC_ROOT_CLASS = YES_ERROR;
				CLANG_WARN_UNREACHABLE_CODE = YES;
				CLANG_WARN__DUPLICATE_METHOD_MATCH = YES;
				"CODE_SIGN_IDENTITY[sdk=iphoneos*]" = "iPhone Developer";
				COPY_PHASE_STRIP = NO;
				DEBUG_INFORMATION_FORMAT = "dwarf-with-dsym";
				ENABLE_NS_ASSERTIONS = NO;
				ENABLE_STRICT_OBJC_MSGSEND = YES;
				GCC_C_LANGUAGE_STANDARD = gnu99;
				GCC_NO_COMMON_BLOCKS = YES;
				GCC_WARN_64_TO_32_BIT_CONVERSION = YES;
				GCC_WARN_ABOUT_RETURN_TYPE = YES_ERROR;
				GCC_WARN_UNDECLARED_SELECTOR = YES;
				GCC_WARN_UNINITIALIZED_AUTOS = YES_AGGRESSIVE;
				GCC_WARN_UNUSED_FUNCTION = YES;
				GCC_WARN_UNUSED_VARIABLE = YES;
				IPHONEOS_DEPLOYMENT_TARGET = 10.0;
				MTL_ENABLE_DEBUG_INFO = NO;
				SDKROOT = iphoneos;
				SWIFT_OPTIMIZATION_LEVEL = "-Owholemodule";
				VALIDATE_PRODUCT = YES;
			};
			name = Release;
		};
		928B824E1D5AD8E400895E27 /* Debug */ = {
			isa = XCBuildConfiguration;
			buildSettings = {
				ASSETCATALOG_COMPILER_APPICON_NAME = AppIcon;
				INFOPLIST_FILE = zuiyou_swift/Info.plist;
				LD_RUNPATH_SEARCH_PATHS = "$(inherited) @executable_path/Frameworks";
				PRODUCT_BUNDLE_IDENTIFIER = "sanli.zuiyou-swift";
				PRODUCT_NAME = "$(TARGET_NAME)";
				SWIFT_VERSION = 3.0;
			};
			name = Debug;
		};
		928B824F1D5AD8E400895E27 /* Release */ = {
			isa = XCBuildConfiguration;
			buildSettings = {
				ASSETCATALOG_COMPILER_APPICON_NAME = AppIcon;
				INFOPLIST_FILE = zuiyou_swift/Info.plist;
				LD_RUNPATH_SEARCH_PATHS = "$(inherited) @executable_path/Frameworks";
				PRODUCT_BUNDLE_IDENTIFIER = "sanli.zuiyou-swift";
				PRODUCT_NAME = "$(TARGET_NAME)";
				SWIFT_VERSION = 3.0;
			};
			name = Release;
		};
/* End XCBuildConfiguration section */

/* Begin XCConfigurationList section */
		928B82361D5AD8E400895E27 /* Build configuration list for PBXProject "zuiyou_swift" */ = {
			isa = XCConfigurationList;
			buildConfigurations = (
				928B824B1D5AD8E400895E27 /* Debug */,
				928B824C1D5AD8E400895E27 /* Release */,
			);
			defaultConfigurationIsVisible = 0;
			defaultConfigurationName = Release;
		};
		928B824D1D5AD8E400895E27 /* Build configuration list for PBXNativeTarget "zuiyou_swift" */ = {
			isa = XCConfigurationList;
			buildConfigurations = (
				928B824E1D5AD8E400895E27 /* Debug */,
				928B824F1D5AD8E400895E27 /* Release */,
			);
			defaultConfigurationIsVisible = 0;
		};
/* End XCConfigurationList section */
	};
	rootObject = 928B82331D5AD8E400895E27 /* Project object */;
}
